
Microsoft Visual Studio Solution File, Format Version 12.00
# Visual Studio 2013
VisualStudioVersion = 12.0.31101.0
MinimumVisualStudioVersion = 10.0.40219.1
Project("{FAE04EC0-301F-11D3-BF4B-00C04F79EFBC}") = "WinForm", "WinForm\WinForm.csproj", "{0531DCF3-2AFC-42F0-8E7B-698857475E25}"
EndProject
Project("{FAE04EC0-301F-11D3-BF4B-00C04F79EFBC}") = "WPFForm", "WPFForm\WPFForm.csproj", "{5C5A1BAD-65C8-43BA-9C12-F5AFC97FBBB5}"
EndProject
Global
	GlobalSection(SolutionConfigurationPlatforms) = preSolution
		Debug|Any CPU = Debug|Any CPU
		Release|Any CPU = Release|Any CPU
	EndGlobalSection
	GlobalSection(ProjectConfigurationPlatforms) = postSolution
		{0531DCF3-2AFC-42F0-8E7B-698857475E25}.Debug|Any CPU.ActiveCfg = Debug|Any CPU
		{0531DCF3-2AFC-42F0-8E7B-698857475E25}.Debug|Any CPU.Build.0 = Debug|Any CPU
		{0531DCF3-2AFC-42F0-8E7B-698857475E25}.Release|Any CPU.ActiveCfg = Release|Any CPU
		{0531DCF3-2AFC-42F0-8E7B-698857475E25}.Release|Any CPU.Build.0 = Release|Any CPU
		{5C5A1BAD-65C8-43BA-9C12-F5AFC97FBBB5}.Debug|Any CPU.ActiveCfg = Debug|Any CPU
		{5C5A1BAD-65C8-43BA-9C12-F5AFC97FBBB5}.Debug|Any CPU.Build.0 = Debug|Any CPU
		{5C5A1BAD-65C8-43BA-9C12-F5AFC97FBBB5}.Release|Any CPU.ActiveCfg = Release|Any CPU
		{5C5A1BAD-65C8-43BA-9C12-F5AFC97FBBB5}.Release|Any CPU.Build.0 = Release|Any CPU
	EndGlobalSection
	GlobalSection(SolutionProperties) = preSolution
		HideSolutionNode = FALSE
	EndGlobalSection
EndGlobal
